
Microsoft Visual Studio Solution File, Format Version 12.00
# Visual Studio Version 17
VisualStudioVersion = 17.5.33530.505
MinimumVisualStudioVersion = 10.0.40219.1
Project("{9A19103F-16F7-4668-BE54-9A1E7A4F7556}") = "OpenWeatherCLA", "OpenWeatherCLA.csproj", "{0AAD1B04-3203-4C87-B3CD-3A45CF33C453}"
EndProject
Project("{9A19103F-16F7-4668-BE54-9A1E7A4F7556}") = "OpenWeatherAPIClient", "..\OpenWeatherAPIClient\OpenWeatherAPIClient.csproj", "{D94D849B-949D-49F3-9F2F-8BDB02A5061F}"
EndProject
Global
	GlobalSection(SolutionConfigurationPlatforms) = preSolution
		Debug|Any CPU = Debug|Any CPU
		Release|Any CPU = Release|Any CPU
	EndGlobalSection
	GlobalSection(ProjectConfigurationPlatforms) = postSolution
		{0AAD1B04-3203-4C87-B3CD-3A45CF33C453}.Debug|Any CPU.ActiveCfg = Debug|Any CPU
		{0AAD1B04-3203-4C87-B3CD-3A45CF33C453}.Debug|Any CPU.Build.0 = Debug|Any CPU
		{0AAD1B04-3203-4C87-B3CD-3A45CF33C453}.Release|Any CPU.ActiveCfg = Release|Any CPU
		{0AAD1B04-3203-4C87-B3CD-3A45CF33C453}.Release|Any CPU.Build.0 = Release|Any CPU
		{D94D849B-949D-49F3-9F2F-8BDB02A5061F}.Debug|Any CPU.ActiveCfg = Debug|Any CPU
		{D94D849B-949D-49F3-9F2F-8BDB02A5061F}.Debug|Any CPU.Build.0 = Debug|Any CPU
		{D94D849B-949D-49F3-9F2F-8BDB02A5061F}.Release|Any CPU.ActiveCfg = Release|Any CPU
		{D94D849B-949D-49F3-9F2F-8BDB02A5061F}.Release|Any CPU.Build.0 = Release|Any CPU
	EndGlobalSection
	GlobalSection(SolutionProperties) = preSolution
		HideSolutionNode = FALSE
	EndGlobalSection
	GlobalSection(ExtensibilityGlobals) = postSolution
		SolutionGuid = {FB3DA46B-3983-4871-9889-FE4121AA06CD}
	EndGlobalSection
EndGlobal
